
Microsoft Visual Studio Solution File, Format Version 12.00
# Visual Studio 15
VisualStudioVersion = 15.0.26430.12
MinimumVisualStudioVersion = 10.0.40219.1
Project("{2150E333-8FDC-42A3-9474-1A3956D46DE8}") = "src", "src", "{2CCCBA7D-FE36-4720-8250-B488487CE383}"
EndProject
Project("{2150E333-8FDC-42A3-9474-1A3956D46DE8}") = "Solution Items", "Solution Items", "{957DED0B-A15B-4A43-860A-672CCCF77083}"
EndProject
Project("{2150E333-8FDC-42A3-9474-1A3956D46DE8}") = "3. Infrastructure", "3. Infrastructure", "{167B6A29-AA1B-4D65-A80A-9A30D06A989A}"
EndProject
Project("{2150E333-8FDC-42A3-9474-1A3956D46DE8}") = "1. Application", "1. Application", "{F139C663-1D05-4533-8F7F-F40452F43F5B}"
EndProject
Project("{2150E333-8FDC-42A3-9474-1A3956D46DE8}") = "0. Hosting", "0. Hosting", "{BA253EE0-EE02-42B5-A28E-04F1077945C5}"
EndProject
Project("{2150E333-8FDC-42A3-9474-1A3956D46DE8}") = "2. Domain", "2. Domain", "{92E1383A-F036-401D-B7FC-6CB03D1791D1}"
EndProject
Project("{9A19103F-16F7-4668-BE54-9A1E7A4F7556}") = "Events", "src\Hosting\Events\Events.csproj", "{DC7B490D-F53B-401F-90B9-F5B35DB6E195}"
EndProject
Project("{9A19103F-16F7-4668-BE54-9A1E7A4F7556}") = "Events.Repository.Pocos", "src\Repository\Events.Repository.Pocos\Events.Repository.Pocos.csproj", "{4E4A6EF0-6268-4E6B-95E6-4F0318D4F589}"
EndProject
Project("{9A19103F-16F7-4668-BE54-9A1E7A4F7556}") = "Events.Constants", "Events.Constants\Events.Constants.csproj", "{90083833-8C03-42AA-BDF8-0D00067216FC}"
EndProject
Project("{9A19103F-16F7-4668-BE54-9A1E7A4F7556}") = "Events.Api.Cases.Interfaces", "src\Application\Events.Api.Cases.Interfaces\Events.Api.Cases.Interfaces.csproj", "{25F4ABD8-DBFA-4A05-A6B0-0193BAF26A30}"
EndProject
Project("{9A19103F-16F7-4668-BE54-9A1E7A4F7556}") = "Events.Api.Cases", "src\Application\Events.Api.Cases\Events.Api.Cases.csproj", "{02169079-4319-45C2-AA83-D979D503D040}"
EndProject
Project("{9A19103F-16F7-4668-BE54-9A1E7A4F7556}") = "Events.Repository.Contexts", "src\Repository\Events.Repository.Contexts\Events.Repository.Contexts.csproj", "{CE67033F-2271-45B3-97B9-D337C2E422CC}"
EndProject
Project("{9A19103F-16F7-4668-BE54-9A1E7A4F7556}") = "Events.Repository.Interfaces", "src\Repository\Events.Repository.Interfaces\Events.Repository.Interfaces.csproj", "{74E5AF29-1ACE-4919-A361-EFC9FEF7405B}"
EndProject
Project("{9A19103F-16F7-4668-BE54-9A1E7A4F7556}") = "Events.Repository", "src\Repository\Events.Repository\Events.Repository.csproj", "{22DA5CA3-38ED-46C2-9653-6392C3C087C4}"
EndProject
Project("{9A19103F-16F7-4668-BE54-9A1E7A4F7556}") = "Events.Api.Controllers", "src\Application\Events.Api.Controllers\Events.Api.Controllers.csproj", "{FDB6E136-97FE-4264-B2FF-D2C0C1844BA7}"
EndProject
Project("{9A19103F-16F7-4668-BE54-9A1E7A4F7556}") = "Events.Api.DI.Setup", "src\Application\Events.Api.DI.Setup\Events.Api.DI.Setup.csproj", "{D2FC0E82-9E5F-48CB-B0CF-E5AB57676F8B}"
EndProject
Project("{9A19103F-16F7-4668-BE54-9A1E7A4F7556}") = "Events.Repository.Startup", "src\Repository\Events.Repository.Startup\Events.Repository.Startup.csproj", "{B96BDDF0-D81E-4DB5-8BE0-BFB47303E95E}"
EndProject
Project("{9A19103F-16F7-4668-BE54-9A1E7A4F7556}") = "Events.Domain.Factories", "src\Domain\Events.Domain.Factories\Events.Domain.Factories.csproj", "{A4FC0C85-1983-4DC2-A14D-99A6218C4D3E}"
EndProject
Project("{9A19103F-16F7-4668-BE54-9A1E7A4F7556}") = "Events.Domain.Factories.Interfaces", "src\Domain\Events.Domain.Factories.Interfaces\Events.Domain.Factories.Interfaces.csproj", "{893310D9-227B-4EB6-BAC4-186251ECAEE2}"
EndProject
Project("{9A19103F-16F7-4668-BE54-9A1E7A4F7556}") = "Events.Api.Dto", "src\Application\Events.Api.Dto\Events.Api.Dto.csproj", "{E1AA292F-13E8-43D9-9389-7A8BB8A7B134}"
EndProject
Project("{9A19103F-16F7-4668-BE54-9A1E7A4F7556}") = "Events.Api.Mappers", "src\Application\Events.Api.Mappers\Events.Api.Mappers.csproj", "{E8E624EC-7477-4CBC-A8BA-FB65C798D6CF}"
EndProject
Global
	GlobalSection(SolutionConfigurationPlatforms) = preSolution
		Debug|Any CPU = Debug|Any CPU
		Release|Any CPU = Release|Any CPU
	EndGlobalSection
	GlobalSection(ProjectConfigurationPlatforms) = postSolution
		{DC7B490D-F53B-401F-90B9-F5B35DB6E195}.Debug|Any CPU.ActiveCfg = Debug|Any CPU
		{DC7B490D-F53B-401F-90B9-F5B35DB6E195}.Debug|Any CPU.Build.0 = Debug|Any CPU
		{DC7B490D-F53B-401F-90B9-F5B35DB6E195}.Release|Any CPU.ActiveCfg = Release|Any CPU
		{DC7B490D-F53B-401F-90B9-F5B35DB6E195}.Release|Any CPU.Build.0 = Release|Any CPU
		{4E4A6EF0-6268-4E6B-95E6-4F0318D4F589}.Debug|Any CPU.ActiveCfg = Debug|Any CPU
		{4E4A6EF0-6268-4E6B-95E6-4F0318D4F589}.Debug|Any CPU.Build.0 = Debug|Any CPU
		{4E4A6EF0-6268-4E6B-95E6-4F0318D4F589}.Release|Any CPU.ActiveCfg = Release|Any CPU
		{4E4A6EF0-6268-4E6B-95E6-4F0318D4F589}.Release|Any CPU.Build.0 = Release|Any CPU
		{90083833-8C03-42AA-BDF8-0D00067216FC}.Debug|Any CPU.ActiveCfg = Debug|Any CPU
		{90083833-8C03-42AA-BDF8-0D00067216FC}.Debug|Any CPU.Build.0 = Debug|Any CPU
		{90083833-8C03-42AA-BDF8-0D00067216FC}.Release|Any CPU.ActiveCfg = Release|Any CPU
		{90083833-8C03-42AA-BDF8-0D00067216FC}.Release|Any CPU.Build.0 = Release|Any CPU
		{25F4ABD8-DBFA-4A05-A6B0-0193BAF26A30}.Debug|Any CPU.ActiveCfg = Debug|Any CPU
		{25F4ABD8-DBFA-4A05-A6B0-0193BAF26A30}.Debug|Any CPU.Build.0 = Debug|Any CPU
		{25F4ABD8-DBFA-4A05-A6B0-0193BAF26A30}.Release|Any CPU.ActiveCfg = Release|Any CPU
		{25F4ABD8-DBFA-4A05-A6B0-0193BAF26A30}.Release|Any CPU.Build.0 = Release|Any CPU
		{02169079-4319-45C2-AA83-D979D503D040}.Debug|Any CPU.ActiveCfg = Debug|Any CPU
		{02169079-4319-45C2-AA83-D979D503D040}.Debug|Any CPU.Build.0 = Debug|Any CPU
		{02169079-4319-45C2-AA83-D979D503D040}.Release|Any CPU.ActiveCfg = Release|Any CPU
		{02169079-4319-45C2-AA83-D979D503D040}.Release|Any CPU.Build.0 = Release|Any CPU
		{CE67033F-2271-45B3-97B9-D337C2E422CC}.Debug|Any CPU.ActiveCfg = Debug|Any CPU
		{CE67033F-2271-45B3-97B9-D337C2E422CC}.Debug|Any CPU.Build.0 = Debug|Any CPU
		{CE67033F-2271-45B3-97B9-D337C2E422CC}.Release|Any CPU.ActiveCfg = Release|Any CPU
		{CE67033F-2271-45B3-97B9-D337C2E422CC}.Release|Any CPU.Build.0 = Release|Any CPU
		{74E5AF29-1ACE-4919-A361-EFC9FEF7405B}.Debug|Any CPU.ActiveCfg = Debug|Any CPU
		{74E5AF29-1ACE-4919-A361-EFC9FEF7405B}.Debug|Any CPU.Build.0 = Debug|Any CPU
		{74E5AF29-1ACE-4919-A361-EFC9FEF7405B}.Release|Any CPU.ActiveCfg = Release|Any CPU
		{74E5AF29-1ACE-4919-A361-EFC9FEF7405B}.Release|Any CPU.Build.0 = Release|Any CPU
		{22DA5CA3-38ED-46C2-9653-6392C3C087C4}.Debug|Any CPU.ActiveCfg = Debug|Any CPU
		{22DA5CA3-38ED-46C2-9653-6392C3C087C4}.Debug|Any CPU.Build.0 = Debug|Any CPU
		{22DA5CA3-38ED-46C2-9653-6392C3C087C4}.Release|Any CPU.ActiveCfg = Release|Any CPU
		{22DA5CA3-38ED-46C2-9653-6392C3C087C4}.Release|Any CPU.Build.0 = Release|Any CPU
		{FDB6E136-97FE-4264-B2FF-D2C0C1844BA7}.Debug|Any CPU.ActiveCfg = Debug|Any CPU
		{FDB6E136-97FE-4264-B2FF-D2C0C1844BA7}.Debug|Any CPU.Build.0 = Debug|Any CPU
		{FDB6E136-97FE-4264-B2FF-D2C0C1844BA7}.Release|Any CPU.ActiveCfg = Release|Any CPU
		{FDB6E136-97FE-4264-B2FF-D2C0C1844BA7}.Release|Any CPU.Build.0 = Release|Any CPU
		{D2FC0E82-9E5F-48CB-B0CF-E5AB57676F8B}.Debug|Any CPU.ActiveCfg = Debug|Any CPU
		{D2FC0E82-9E5F-48CB-B0CF-E5AB57676F8B}.Debug|Any CPU.Build.0 = Debug|Any CPU
		{D2FC0E82-9E5F-48CB-B0CF-E5AB57676F8B}.Release|Any CPU.ActiveCfg = Release|Any CPU
		{D2FC0E82-9E5F-48CB-B0CF-E5AB57676F8B}.Release|Any CPU.Build.0 = Release|Any CPU
		{B96BDDF0-D81E-4DB5-8BE0-BFB47303E95E}.Debug|Any CPU.ActiveCfg = Debug|Any CPU
		{B96BDDF0-D81E-4DB5-8BE0-BFB47303E95E}.Debug|Any CPU.Build.0 = Debug|Any CPU
		{B96BDDF0-D81E-4DB5-8BE0-BFB47303E95E}.Release|Any CPU.ActiveCfg = Release|Any CPU
		{B96BDDF0-D81E-4DB5-8BE0-BFB47303E95E}.Release|Any CPU.Build.0 = Release|Any CPU
		{A4FC0C85-1983-4DC2-A14D-99A6218C4D3E}.Debug|Any CPU.ActiveCfg = Debug|Any CPU
		{A4FC0C85-1983-4DC2-A14D-99A6218C4D3E}.Debug|Any CPU.Build.0 = Debug|Any CPU
		{A4FC0C85-1983-4DC2-A14D-99A6218C4D3E}.Release|Any CPU.ActiveCfg = Release|Any CPU
		{A4FC0C85-1983-4DC2-A14D-99A6218C4D3E}.Release|Any CPU.Build.0 = Release|Any CPU
		{893310D9-227B-4EB6-BAC4-186251ECAEE2}.Debug|Any CPU.ActiveCfg = Debug|Any CPU
		{893310D9-227B-4EB6-BAC4-186251ECAEE2}.Debug|Any CPU.Build.0 = Debug|Any CPU
		{893310D9-227B-4EB6-BAC4-186251ECAEE2}.Release|Any CPU.ActiveCfg = Release|Any CPU
		{893310D9-227B-4EB6-BAC4-186251ECAEE2}.Release|Any CPU.Build.0 = Release|Any CPU
		{E1AA292F-13E8-43D9-9389-7A8BB8A7B134}.Debug|Any CPU.ActiveCfg = Debug|Any CPU
		{E1AA292F-13E8-43D9-9389-7A8BB8A7B134}.Debug|Any CPU.Build.0 = Debug|Any CPU
		{E1AA292F-13E8-43D9-9389-7A8BB8A7B134}.Release|Any CPU.ActiveCfg = Release|Any CPU
		{E1AA292F-13E8-43D9-9389-7A8BB8A7B134}.Release|Any CPU.Build.0 = Release|Any CPU
		{E8E624EC-7477-4CBC-A8BA-FB65C798D6CF}.Debug|Any CPU.ActiveCfg = Debug|Any CPU
		{E8E624EC-7477-4CBC-A8BA-FB65C798D6CF}.Debug|Any CPU.Build.0 = Debug|Any CPU
		{E8E624EC-7477-4CBC-A8BA-FB65C798D6CF}.Release|Any CPU.ActiveCfg = Release|Any CPU
		{E8E624EC-7477-4CBC-A8BA-FB65C798D6CF}.Release|Any CPU.Build.0 = Release|Any CPU
	EndGlobalSection
	GlobalSection(SolutionProperties) = preSolution
		HideSolutionNode = FALSE
	EndGlobalSection
	GlobalSection(NestedProjects) = preSolution
		{167B6A29-AA1B-4D65-A80A-9A30D06A989A} = {2CCCBA7D-FE36-4720-8250-B488487CE383}
		{F139C663-1D05-4533-8F7F-F40452F43F5B} = {2CCCBA7D-FE36-4720-8250-B488487CE383}
		{BA253EE0-EE02-42B5-A28E-04F1077945C5} = {2CCCBA7D-FE36-4720-8250-B488487CE383}
		{92E1383A-F036-401D-B7FC-6CB03D1791D1} = {2CCCBA7D-FE36-4720-8250-B488487CE383}
		{DC7B490D-F53B-401F-90B9-F5B35DB6E195} = {BA253EE0-EE02-42B5-A28E-04F1077945C5}
		{4E4A6EF0-6268-4E6B-95E6-4F0318D4F589} = {167B6A29-AA1B-4D65-A80A-9A30D06A989A}
		{90083833-8C03-42AA-BDF8-0D00067216FC} = {167B6A29-AA1B-4D65-A80A-9A30D06A989A}
		{25F4ABD8-DBFA-4A05-A6B0-0193BAF26A30} = {F139C663-1D05-4533-8F7F-F40452F43F5B}
		{02169079-4319-45C2-AA83-D979D503D040} = {F139C663-1D05-4533-8F7F-F40452F43F5B}
		{CE67033F-2271-45B3-97B9-D337C2E422CC} = {167B6A29-AA1B-4D65-A80A-9A30D06A989A}
		{74E5AF29-1ACE-4919-A361-EFC9FEF7405B} = {167B6A29-AA1B-4D65-A80A-9A30D06A989A}
		{22DA5CA3-38ED-46C2-9653-6392C3C087C4} = {167B6A29-AA1B-4D65-A80A-9A30D06A989A}
		{FDB6E136-97FE-4264-B2FF-D2C0C1844BA7} = {F139C663-1D05-4533-8F7F-F40452F43F5B}
		{D2FC0E82-9E5F-48CB-B0CF-E5AB57676F8B} = {F139C663-1D05-4533-8F7F-F40452F43F5B}
		{B96BDDF0-D81E-4DB5-8BE0-BFB47303E95E} = {167B6A29-AA1B-4D65-A80A-9A30D06A989A}
		{A4FC0C85-1983-4DC2-A14D-99A6218C4D3E} = {92E1383A-F036-401D-B7FC-6CB03D1791D1}
		{893310D9-227B-4EB6-BAC4-186251ECAEE2} = {92E1383A-F036-401D-B7FC-6CB03D1791D1}
		{E1AA292F-13E8-43D9-9389-7A8BB8A7B134} = {F139C663-1D05-4533-8F7F-F40452F43F5B}
		{E8E624EC-7477-4CBC-A8BA-FB65C798D6CF} = {F139C663-1D05-4533-8F7F-F40452F43F5B}
	EndGlobalSection
EndGlobal
